
Microsoft Visual Studio Solution File, Format Version 10.00
# Visual Studio 2008
Project("{8BC9CEB8-8B4A-11D0-8D11-00A0C91BC942}") = "Queue", "Queue\Queue.vcproj", "{D066123B-0A60-4EC4-B28E-E8BB1BF3B94F}"
EndProject
Global
	GlobalSection(SolutionConfigurationPlatforms) = preSolution
		Debug|Win32 = Debug|Win32
		Release|Win32 = Release|Win32
	EndGlobalSection
	GlobalSection(ProjectConfigurationPlatforms) = postSolution
		{D066123B-0A60-4EC4-B28E-E8BB1BF3B94F}.Debug|Win32.ActiveCfg = Debug|Win32
		{D066123B-0A60-4EC4-B28E-E8BB1BF3B94F}.Debug|Win32.Build.0 = Debug|Win32
		{D066123B-0A60-4EC4-B28E-E8BB1BF3B94F}.Release|Win32.ActiveCfg = Release|Win32
		{D066123B-0A60-4EC4-B28E-E8BB1BF3B94F}.Release|Win32.Build.0 = Release|Win32
	EndGlobalSection
	GlobalSection(SolutionProperties) = preSolution
		HideSolutionNode = FALSE
	EndGlobalSection
EndGlobal
